
Microsoft Visual Studio Solution File, Format Version 12.00
# Visual Studio Version 17
VisualStudioVersion = 17.12.35527.113
MinimumVisualStudioVersion = 10.0.40219.1
Project("{2150E333-8FDC-42A3-9474-1A3956D46DE8}") = "src", "src", "{8D5BB8E2-5A84-4D1E-99BF-72920BAB1FF7}"
EndProject
Project("{2150E333-8FDC-42A3-9474-1A3956D46DE8}") = "Easy", "Easy", "{AE4E5546-7DCB-49FA-8840-965A3460CB5A}"
	ProjectSection(SolutionItems) = preProject
		.gitkeep = .gitkeep
	EndProjectSection
EndProject
Project("{2150E333-8FDC-42A3-9474-1A3956D46DE8}") = "Normal", "Normal", "{4411052B-80E3-4A1E-AC2E-45212AFE00AF}"
EndProject
Project("{2150E333-8FDC-42A3-9474-1A3956D46DE8}") = "Med.", "Med.", "{B70E7E04-F37A-47AF-A0D5-D205BE86B50D}"
EndProject
Project("{FAE04EC0-301F-11D3-BF4B-00C04F79EFBC}") = "RomanToInteger", "RomanToInteger\RomanToInteger.csproj", "{C9E0BBD1-F40E-4D93-9E3A-427BA72CC3EF}"
EndProject
Project("{FAE04EC0-301F-11D3-BF4B-00C04F79EFBC}") = "LongestCommonPrefix", "LongestCommonPrefix\LongestCommonPrefix.csproj", "{44C9841F-9F47-47F2-B576-2B3AC1BA5190}"
EndProject
Project("{FAE04EC0-301F-11D3-BF4B-00C04F79EFBC}") = "ValidParentheses", "ValidParentheses\ValidParentheses.csproj", "{9D17019D-E0DF-41FE-9413-D35DB874DD79}"
EndProject
Project("{FAE04EC0-301F-11D3-BF4B-00C04F79EFBC}") = "MergeTwoSortedLists", "MergeTwoSortedLists\MergeTwoSortedLists.csproj", "{4ECFA8FE-B26E-406A-AE5A-F7C6BA09BAA1}"
EndProject
Global
	GlobalSection(SolutionConfigurationPlatforms) = preSolution
		Debug|Any CPU = Debug|Any CPU
		Release|Any CPU = Release|Any CPU
	EndGlobalSection
	GlobalSection(ProjectConfigurationPlatforms) = postSolution
		{C9E0BBD1-F40E-4D93-9E3A-427BA72CC3EF}.Debug|Any CPU.ActiveCfg = Debug|Any CPU
		{C9E0BBD1-F40E-4D93-9E3A-427BA72CC3EF}.Debug|Any CPU.Build.0 = Debug|Any CPU
		{C9E0BBD1-F40E-4D93-9E3A-427BA72CC3EF}.Release|Any CPU.ActiveCfg = Release|Any CPU
		{C9E0BBD1-F40E-4D93-9E3A-427BA72CC3EF}.Release|Any CPU.Build.0 = Release|Any CPU
		{44C9841F-9F47-47F2-B576-2B3AC1BA5190}.Debug|Any CPU.ActiveCfg = Debug|Any CPU
		{44C9841F-9F47-47F2-B576-2B3AC1BA5190}.Debug|Any CPU.Build.0 = Debug|Any CPU
		{44C9841F-9F47-47F2-B576-2B3AC1BA5190}.Release|Any CPU.ActiveCfg = Release|Any CPU
		{44C9841F-9F47-47F2-B576-2B3AC1BA5190}.Release|Any CPU.Build.0 = Release|Any CPU
		{9D17019D-E0DF-41FE-9413-D35DB874DD79}.Debug|Any CPU.ActiveCfg = Debug|Any CPU
		{9D17019D-E0DF-41FE-9413-D35DB874DD79}.Debug|Any CPU.Build.0 = Debug|Any CPU
		{9D17019D-E0DF-41FE-9413-D35DB874DD79}.Release|Any CPU.ActiveCfg = Release|Any CPU
		{9D17019D-E0DF-41FE-9413-D35DB874DD79}.Release|Any CPU.Build.0 = Release|Any CPU
		{4ECFA8FE-B26E-406A-AE5A-F7C6BA09BAA1}.Debug|Any CPU.ActiveCfg = Debug|Any CPU
		{4ECFA8FE-B26E-406A-AE5A-F7C6BA09BAA1}.Debug|Any CPU.Build.0 = Debug|Any CPU
		{4ECFA8FE-B26E-406A-AE5A-F7C6BA09BAA1}.Release|Any CPU.ActiveCfg = Release|Any CPU
		{4ECFA8FE-B26E-406A-AE5A-F7C6BA09BAA1}.Release|Any CPU.Build.0 = Release|Any CPU
	EndGlobalSection
	GlobalSection(SolutionProperties) = preSolution
		HideSolutionNode = FALSE
	EndGlobalSection
	GlobalSection(NestedProjects) = preSolution
		{AE4E5546-7DCB-49FA-8840-965A3460CB5A} = {8D5BB8E2-5A84-4D1E-99BF-72920BAB1FF7}
		{4411052B-80E3-4A1E-AC2E-45212AFE00AF} = {8D5BB8E2-5A84-4D1E-99BF-72920BAB1FF7}
		{B70E7E04-F37A-47AF-A0D5-D205BE86B50D} = {8D5BB8E2-5A84-4D1E-99BF-72920BAB1FF7}
		{C9E0BBD1-F40E-4D93-9E3A-427BA72CC3EF} = {AE4E5546-7DCB-49FA-8840-965A3460CB5A}
		{44C9841F-9F47-47F2-B576-2B3AC1BA5190} = {AE4E5546-7DCB-49FA-8840-965A3460CB5A}
		{9D17019D-E0DF-41FE-9413-D35DB874DD79} = {AE4E5546-7DCB-49FA-8840-965A3460CB5A}
		{4ECFA8FE-B26E-406A-AE5A-F7C6BA09BAA1} = {AE4E5546-7DCB-49FA-8840-965A3460CB5A}
	EndGlobalSection
EndGlobal
